
Microsoft Visual Studio Solution File, Format Version 12.00
# Visual Studio Version 17
VisualStudioVersion = 17.0.32112.339
MinimumVisualStudioVersion = 10.0.40219.1
Project("{FAE04EC0-301F-11D3-BF4B-00C04F79EFBC}") = "SerbaJaya_POS", "SerbaJaya_POS\SerbaJaya_POS.csproj", "{342ED5B7-C373-4E52-85D4-5D9F6D57FE4A}"
EndProject
Global
	GlobalSection(SolutionConfigurationPlatforms) = preSolution
		Debug|Any CPU = Debug|Any CPU
		Release|Any CPU = Release|Any CPU
	EndGlobalSection
	GlobalSection(ProjectConfigurationPlatforms) = postSolution
		{342ED5B7-C373-4E52-85D4-5D9F6D57FE4A}.Debug|Any CPU.ActiveCfg = Debug|Any CPU
		{342ED5B7-C373-4E52-85D4-5D9F6D57FE4A}.Debug|Any CPU.Build.0 = Debug|Any CPU
		{342ED5B7-C373-4E52-85D4-5D9F6D57FE4A}.Release|Any CPU.ActiveCfg = Release|Any CPU
		{342ED5B7-C373-4E52-85D4-5D9F6D57FE4A}.Release|Any CPU.Build.0 = Release|Any CPU
	EndGlobalSection
	GlobalSection(SolutionProperties) = preSolution
		HideSolutionNode = FALSE
	EndGlobalSection
	GlobalSection(ExtensibilityGlobals) = postSolution
		SolutionGuid = {B3D163D8-E039-4620-AF01-1A5967492618}
	EndGlobalSection
EndGlobal
